PODS:
  - PhenixDebug (0.1.0):
    - PhenixSdk
  - PhenixDeeplink (0.1.0)
  - PhenixSdk (2022.0.5-2205f42-20221121T154334682)
  - SwiftLint (0.49.1)

DEPENDENCIES:
  - PhenixDebug (from `../PhenixDebug`)
  - PhenixDeeplink (from `../PhenixDeeplink`)
  - PhenixSdk (= 2022.0.5-2205f42-20221121T154334682)
  - SwiftLint (~> 0.49.1)

SPEC REPOS:
  "git@github.com:PhenixRTS/CocoaPodsSpecs.git":
    - PhenixSdk
  trunk:
    - SwiftLint

EXTERNAL SOURCES:
  PhenixDebug:
    :path: "../PhenixDebug"
  PhenixDeeplink:
    :path: "../PhenixDeeplink"

SPEC CHECKSUMS:
  PhenixDebug: ac961217f03a1280353542a65623cfd6c3e9de30
  PhenixDeeplink: 3d073ed6fb7f6bb276cf86d71cd3ddb980926eba
  PhenixSdk: 4b00328ba0dd56adba9a4310ec36c20915fdf54b
  SwiftLint: 32ee33ded0636d0905ef6911b2b67bbaeeedafa5

PODFILE CHECKSUM: aecbac4ec1585a7882b9fcf329de4ca632114dc5

COCOAPODS: 1.12.0
